{
  "name": "blackvault-reema",
  "version": "1.0.0",
  "lockfileVersion": 3,
  "requires": true,
  "packages": {
    "": {
      "name": "blackvault-reema",
      "version": "1.0.0",
      "license": "MIT",
      "dependencies": {
        "@noble/post-quantum": "^0.6.1",
        "libsodium-wrappers": "^0.7.15",
        "socks": "^2.8.3",
        "ws": "^8.13.0"
      },
      "devDependencies": {
        "patchright": "^1.62.1"
      },
      "engines": {
        "node": ">=20.19.0"
      }
    },
    "node_modules/@noble/ciphers": {
      "version": "2.2.0",
      "resolved": "https://registry.npmjs.org/@noble/ciphers/-/ciphers-2.2.0.tgz",
      "integrity": "sha512-Z6pjIZ/8IJcCGzb2S/0Px5J81yij85xASuk1teLNeg75bfT07MV3a/O2Mtn1I2se43k3lkVEcFaR10N4cgQcZA==",
      "license": "MIT",
      "engines": {
        "node": ">= 20.19.0"
      },
      "funding": {
        "url": "https://paulmillr.com/funding/"
      }
    },
    "node_modules/@noble/curves": {
      "version": "2.2.0",
      "resolved": "https://registry.npmjs.org/@noble/curves/-/curves-2.2.0.tgz",
      "integrity": "sha512-T/BoHgFXirb0ENSPBquzX0rcjXeM6Lo892a2jlYJkqk83LqZx0l1Of7DzlKJ6jkpvMrkHSnAcgb5JegL8SeIkQ==",
      "license": "MIT",
      "dependencies": {
        "@noble/hashes": "2.2.0"
      },
      "engines": {
        "node": ">= 20.19.0"
      },
      "funding": {
        "url": "https://paulmillr.com/funding/"
      }
    },
    "node_modules/@noble/hashes": {
      "version": "2.2.0",
      "resolved": "https://registry.npmjs.org/@noble/hashes/-/hashes-2.2.0.tgz",
      "integrity": "sha512-IYqDGiTXab6FniAgnSdZwgWbomxpy9FtYvLKs7wCUs2a8RkITG+DFGO1DM9cr+E3/RgADRpFjrKVaJ1z6sjtEg==",
      "license": "MIT",
      "engines": {
        "node": ">= 20.19.0"
      },
      "funding": {
        "url": "https://paulmillr.com/funding/"
      }
    },
    "node_modules/@noble/post-quantum": {
      "version": "0.6.1",
      "resolved": "https://registry.npmjs.org/@noble/post-quantum/-/post-quantum-0.6.1.tgz",
      "integrity": "sha512-+pormrDZwjRw05U8ADK4JpHejo87+gBd+muRBB/ozztH5yhDLMDF4jHQWN3NQQAsu1zBNPWTG0ZwVI0CR29H0A==",
      "license": "MIT",
      "dependencies": {
        "@noble/ciphers": "~2.2.0",
        "@noble/curves": "~2.2.0",
        "@noble/hashes": "~2.2.0"
      },
      "engines": {
        "node": ">= 20.19.0"
      },
      "funding": {
        "url": "https://paulmillr.com/funding/"
      }
    },
    "node_modules/fsevents": {
      "version": "2.3.2",
      "resolved": "https://registry.npmjs.org/fsevents/-/fsevents-2.3.2.tgz",
      "integrity": "sha512-xiqMQR4xAeHTuB9uWm+fFRcIOgKBMiOBP+eXiyT7jsgVCq1bkVygt00oASowB7EdtpOHaaPgKt812P9ab+DDKA==",
      "dev": true,
      "hasInstallScript": true,
      "license": "MIT",
      "optional": true,
      "os": [
        "darwin"
      ],
      "engines": {
        "node": "^8.16.0 || ^10.6.0 || >=11.0.0"
      }
    },
    "node_modules/ip-address": {
      "version": "10.4.0",
      "resolved": "https://registry.npmjs.org/ip-address/-/ip-address-10.4.0.tgz",
      "integrity": "sha512-oSK96Grm3aP6OrS263xVxbNDGVL7rzBtYdpGqlDG8iQdoenDoTs/nkki+DflYbAEE8Xl6o5YxhxlrKvI3nqKXQ==",
      "license": "MIT",
      "engines": {
        "node": ">= 12"
      }
    },
    "node_modules/libsodium": {
      "version": "0.7.16",
      "resolved": "https://registry.npmjs.org/libsodium/-/libsodium-0.7.16.tgz",
      "integrity": "sha512-3HrzSPuzm6Yt9aTYCDxYEG8x8/6C0+ag655Y7rhhWZM9PT4NpdnbqlzXhGZlDnkgR6MeSTnOt/VIyHLs9aSf+Q==",
      "license": "ISC"
    },
    "node_modules/libsodium-wrappers": {
      "version": "0.7.16",
      "resolved": "https://registry.npmjs.org/libsodium-wrappers/-/libsodium-wrappers-0.7.16.tgz",
      "integrity": "sha512-Gtr/WBx4dKjvRL1pvfwZqu7gO6AfrQ0u9vFL+kXihtHf6NfkROR8pjYWn98MFDI3jN19Ii1ZUfPR9afGiPyfHg==",
      "license": "ISC",
      "dependencies": {
        "libsodium": "^0.7.16"
      }
    },
    "node_modules/patchright": {
      "version": "1.62.1",
      "resolved": "https://registry.npmjs.org/patchright/-/patchright-1.62.1.tgz",
      "integrity": "sha512-Q+Ng49ic7wzKLlOLxuy485TcE0Yx1GUyRXA0ua7lT3fCBRcMk1JIGmUKsiUPtGOeWkqI0KNI04zjUm1erq153g==",
      "dev": true,
      "license": "Apache-2.0",
      "dependencies": {
        "patchright-core": "1.62.1"
      },
      "bin": {
        "patchright": "cli.js"
      },
      "engines": {
        "node": ">=20"
      },
      "optionalDependencies": {
        "fsevents": "2.3.2"
      }
    },
    "node_modules/patchright-core": {
      "version": "1.62.1",
      "resolved": "https://registry.npmjs.org/patchright-core/-/patchright-core-1.62.1.tgz",
      "integrity": "sha512-zsrggmh1oAxk/NT+vLifVWatPjZXVloXHQksIZApoovAUgeJkmP35a0BfSzePDKGJTrl9zfzr19JIJTZdiMX0A==",
      "dev": true,
      "license": "Apache-2.0",
      "bin": {
        "patchright-core": "cli.js"
      },
      "engines": {
        "node": ">=20"
      }
    },
    "node_modules/smart-buffer": {
      "version": "4.2.0",
      "resolved": "https://registry.npmjs.org/smart-buffer/-/smart-buffer-4.2.0.tgz",
      "integrity": "sha512-94hK0Hh8rPqQl2xXc3HsaBoOXKV20MToPkcXvwbISWLEs+64sBq5kFgn2kJDHb1Pry9yrP0dxrCI9RRci7RXKg==",
      "license": "MIT",
      "engines": {
        "node": ">= 6.0.0",
        "npm": ">= 3.0.0"
      }
    },
    "node_modules/socks": {
      "version": "2.8.9",
      "resolved": "https://registry.npmjs.org/socks/-/socks-2.8.9.tgz",
      "integrity": "sha512-LJhUYUvItdQ0LkJTmPeaEObWXAqFyfmP85x0tch/ez9cahmhlBBLbIqDFnvBnUJGagb0JbIQrkBs1wJ+yRYpEw==",
      "license": "MIT",
      "dependencies": {
        "ip-address": "^10.1.1",
        "smart-buffer": "^4.2.0"
      },
      "engines": {
        "node": ">= 10.0.0",
        "npm": ">= 3.0.0"
      }
    },
    "node_modules/ws": {
      "version": "8.21.2",
      "resolved": "https://registry.npmjs.org/ws/-/ws-8.21.2.tgz",
      "integrity": "sha512-54dMVAo4WIe6SKy3vBgN+9bJZqqQ8IMRevAkOLQALhi49qkkQDQfWdAZ8KQlXiEabw88ARXXdUrlvtbKQX+aKw==",
      "license": "MIT",
      "engines": {
        "node": ">=10.0.0"
      },
      "peerDependencies": {
        "bufferutil": "^4.0.1",
        "utf-8-validate": ">=5.0.2"
      },
      "peerDependenciesMeta": {
        "bufferutil": {
          "optional": true
        },
        "utf-8-validate": {
          "optional": true
        }
      }
    }
  }
}
